
Microsoft Visual Studio Solution File, Format Version 12.00
# Visual Studio 14
VisualStudioVersion = 14.0.25420.1
MinimumVisualStudioVersion = 10.0.40219.1
Project("{FAE04EC0-301F-11D3-BF4B-00C04F79EFBC}") = "UFart.Desktop.UI", "UI.Desktop.UFart\UFart.Desktop.UI.csproj", "{09F3DBC4-6C1C-424F-8144-FE332CCD0F20}"
	ProjectSection(ProjectDependencies) = postProject
		{A73ACC59-6211-4986-9B3B-D0C91E65F2AF} = {A73ACC59-6211-4986-9B3B-D0C91E65F2AF}
		{2173CCB4-4E8E-4570-A286-BFCAA440A3BC} = {2173CCB4-4E8E-4570-A286-BFCAA440A3BC}
	EndProjectSection
EndProject
Project("{FAE04EC0-301F-11D3-BF4B-00C04F79EFBC}") = "UFart.Desktop.DataAccess", "UI.Desktop.DataAccess\UFart.Desktop.DataAccess.csproj", "{A73ACC59-6211-4986-9B3B-D0C91E65F2AF}"
	ProjectSection(ProjectDependencies) = postProject
		{2173CCB4-4E8E-4570-A286-BFCAA440A3BC} = {2173CCB4-4E8E-4570-A286-BFCAA440A3BC}
	EndProjectSection
EndProject
Project("{FAE04EC0-301F-11D3-BF4B-00C04F79EFBC}") = "UFart.Desktop.Domain", "UI.Desktop.UFart.Domain\UFart.Desktop.Domain.csproj", "{2173CCB4-4E8E-4570-A286-BFCAA440A3BC}"
EndProject
Global
	GlobalSection(SolutionConfigurationPlatforms) = preSolution
		Debug|Any CPU = Debug|Any CPU
		Release|Any CPU = Release|Any CPU
	EndGlobalSection
	GlobalSection(ProjectConfigurationPlatforms) = postSolution
		{09F3DBC4-6C1C-424F-8144-FE332CCD0F20}.Debug|Any CPU.ActiveCfg = Debug|Any CPU
		{09F3DBC4-6C1C-424F-8144-FE332CCD0F20}.Debug|Any CPU.Build.0 = Debug|Any CPU
		{09F3DBC4-6C1C-424F-8144-FE332CCD0F20}.Release|Any CPU.ActiveCfg = Release|Any CPU
		{09F3DBC4-6C1C-424F-8144-FE332CCD0F20}.Release|Any CPU.Build.0 = Release|Any CPU
		{A73ACC59-6211-4986-9B3B-D0C91E65F2AF}.Debug|Any CPU.ActiveCfg = Debug|Any CPU
		{A73ACC59-6211-4986-9B3B-D0C91E65F2AF}.Debug|Any CPU.Build.0 = Debug|Any CPU
		{A73ACC59-6211-4986-9B3B-D0C91E65F2AF}.Release|Any CPU.ActiveCfg = Release|Any CPU
		{A73ACC59-6211-4986-9B3B-D0C91E65F2AF}.Release|Any CPU.Build.0 = Release|Any CPU
		{2173CCB4-4E8E-4570-A286-BFCAA440A3BC}.Debug|Any CPU.ActiveCfg = Debug|Any CPU
		{2173CCB4-4E8E-4570-A286-BFCAA440A3BC}.Debug|Any CPU.Build.0 = Debug|Any CPU
		{2173CCB4-4E8E-4570-A286-BFCAA440A3BC}.Release|Any CPU.ActiveCfg = Release|Any CPU
		{2173CCB4-4E8E-4570-A286-BFCAA440A3BC}.Release|Any CPU.Build.0 = Release|Any CPU
	EndGlobalSection
	GlobalSection(SolutionProperties) = preSolution
		HideSolutionNode = FALSE
	EndGlobalSection
EndGlobal
